
Microsoft Visual Studio Solution File, Format Version 12.00
# Visual Studio Version 17
VisualStudioVersion = 17.9.34616.47
MinimumVisualStudioVersion = 10.0.40219.1
Project("{FAE04EC0-301F-11D3-BF4B-00C04F79EFBC}") = "EmailApp.Application", "EmailApp.Application\EmailApp.Application.csproj", "{6765D6B1-53C2-4C06-8764-B1262C2657DB}"
EndProject
Project("{FAE04EC0-301F-11D3-BF4B-00C04F79EFBC}") = "EmailApp.Infrastructure", "EmailApp.Infrastructure\EmailApp.Infrastructure.csproj", "{F9999FA9-74FD-4B93-940B-F014F9F32FFA}"
EndProject
Project("{FAE04EC0-301F-11D3-BF4B-00C04F79EFBC}") = "EmailApp.Run", "EmailApp.Run\EmailApp.Run.csproj", "{81C3BB18-C38D-4E72-9D31-9EB1D5713EFD}"
EndProject
Global
	GlobalSection(SolutionConfigurationPlatforms) = preSolution
		Debug|Any CPU = Debug|Any CPU
		Release|Any CPU = Release|Any CPU
	EndGlobalSection
	GlobalSection(ProjectConfigurationPlatforms) = postSolution
		{6765D6B1-53C2-4C06-8764-B1262C2657DB}.Debug|Any CPU.ActiveCfg = Debug|Any CPU
		{6765D6B1-53C2-4C06-8764-B1262C2657DB}.Debug|Any CPU.Build.0 = Debug|Any CPU
		{6765D6B1-53C2-4C06-8764-B1262C2657DB}.Release|Any CPU.ActiveCfg = Release|Any CPU
		{6765D6B1-53C2-4C06-8764-B1262C2657DB}.Release|Any CPU.Build.0 = Release|Any CPU
		{F9999FA9-74FD-4B93-940B-F014F9F32FFA}.Debug|Any CPU.ActiveCfg = Debug|Any CPU
		{F9999FA9-74FD-4B93-940B-F014F9F32FFA}.Debug|Any CPU.Build.0 = Debug|Any CPU
		{F9999FA9-74FD-4B93-940B-F014F9F32FFA}.Release|Any CPU.ActiveCfg = Release|Any CPU
		{F9999FA9-74FD-4B93-940B-F014F9F32FFA}.Release|Any CPU.Build.0 = Release|Any CPU
		{81C3BB18-C38D-4E72-9D31-9EB1D5713EFD}.Debug|Any CPU.ActiveCfg = Debug|Any CPU
		{81C3BB18-C38D-4E72-9D31-9EB1D5713EFD}.Debug|Any CPU.Build.0 = Debug|Any CPU
		{81C3BB18-C38D-4E72-9D31-9EB1D5713EFD}.Release|Any CPU.ActiveCfg = Release|Any CPU
		{81C3BB18-C38D-4E72-9D31-9EB1D5713EFD}.Release|Any CPU.Build.0 = Release|Any CPU
	EndGlobalSection
	GlobalSection(SolutionProperties) = preSolution
		HideSolutionNode = FALSE
	EndGlobalSection
	GlobalSection(ExtensibilityGlobals) = postSolution
		SolutionGuid = {3DCE0299-40F1-451C-B7B2-E96F10533C2F}
	EndGlobalSection
EndGlobal
